
Microsoft Visual Studio Solution File, Format Version 12.00
# Visual Studio Version 16
VisualStudioVersion = 16.0.29613.14
MinimumVisualStudioVersion = 10.0.40219.1
Project("{FAE04EC0-301F-11D3-BF4B-00C04F79EFBC}") = "netHttpServer", "netHttpServer\netHttpServer.csproj", "{63E26B50-991C-47DA-9669-E2E9A49020C4}"
EndProject
Global
	GlobalSection(SolutionConfigurationPlatforms) = preSolution
		Debug|Any CPU = Debug|Any CPU
		Release|Any CPU = Release|Any CPU
	EndGlobalSection
	GlobalSection(ProjectConfigurationPlatforms) = postSolution
		{63E26B50-991C-47DA-9669-E2E9A49020C4}.Debug|Any CPU.ActiveCfg = Debug|Any CPU
		{63E26B50-991C-47DA-9669-E2E9A49020C4}.Debug|Any CPU.Build.0 = Debug|Any CPU
		{63E26B50-991C-47DA-9669-E2E9A49020C4}.Release|Any CPU.ActiveCfg = Release|Any CPU
		{63E26B50-991C-47DA-9669-E2E9A49020C4}.Release|Any CPU.Build.0 = Release|Any CPU
	EndGlobalSection
	GlobalSection(SolutionProperties) = preSolution
		HideSolutionNode = FALSE
	EndGlobalSection
	GlobalSection(ExtensibilityGlobals) = postSolution
		SolutionGuid = {08DEBF59-3965-4A5B-8347-E8133AF9F109}
	EndGlobalSection
EndGlobal
